Microsoft Visual Studio Solution File, Format Version 12.00
# Visual Studio Version 17
VisualStudioVersion = 17.3.32901.215
MinimumVisualStudioVersion = 10.0.40219.1
Project("{2150E333-8FDC-42A3-9474-1A3956D46DE8}") = "docs", "docs", "{90F8D375-AF8C-48E4-A817-66D945AC9211}"
EndProject
Project("{2150E333-8FDC-42A3-9474-1A3956D46DE8}") = "src", "src", "{74F014C2-B194-40D1-95CE-775803614BB2}"
EndProject
Project("{2150E333-8FDC-42A3-9474-1A3956D46DE8}") = "tests", "tests", "{203444A8-4DB2-4BA0-8C8C-376499B20765}"
EndProject
Project("{2150E333-8FDC-42A3-9474-1A3956D46DE8}") = "Solution Items", "Solution Items", "{B4120FB2-5343-49E5-AE96-77AF99BD1283}"
	ProjectSection(SolutionItems) = preProject
		.editorconfig = .editorconfig
		.gitattributes = .gitattributes
		.gitignore = .gitignore
		.mailmap = .mailmap
		.vsconfig = .vsconfig
		extensions.vsext = extensions.vsext
	EndProjectSection
EndProject
Project("{9A19103F-16F7-4668-BE54-9A1E7A4F7556}") = "Application.IT.Tests", "tests\Application.IT.Tests\Application.IT.Tests.csproj", "{435ACED7-51E3-4BDA-B251-915F11EA5305}"
EndProject
Project("{9A19103F-16F7-4668-BE54-9A1E7A4F7556}") = "Tests.Kernel", "tests\Tests.Kernel\Tests.Kernel.csproj", "{ABC3C931-D44D-4ADD-994F-767FCB739099}"
EndProject
Project("{9A19103F-16F7-4668-BE54-9A1E7A4F7556}") = "Application.UT.Tests", "tests\Application.UT.Tests\Application.UT.Tests.csproj", "{36A8441F-DB50-46B4-AE73-2F3F9D5F3A7C}"
EndProject
Project("{9A19103F-16F7-4668-BE54-9A1E7A4F7556}") = "Api.Server", "src\Api.Server\Api.Server.csproj", "{C8FDC162-EF57-45AF-ACE2-AE66B523DDDE}"
EndProject
Project("{9A19103F-16F7-4668-BE54-9A1E7A4F7556}") = "Api.Client", "src\Api.Client\Api.Client.csproj", "{084D5569-DA80-4148-B5FE-A8597F4683AA}"
EndProject
Project("{9A19103F-16F7-4668-BE54-9A1E7A4F7556}") = "WorkerService", "src\WorkerService\WorkerService.csproj", "{B4CAB395-E9CB-4302-A6A9-67799506E677}"
EndProject
Project("{9A19103F-16F7-4668-BE54-9A1E7A4F7556}") = "Infrastructure.UT.Tests", "tests\Infrastructure.UT.tests\Infrastructure.UT.Tests.csproj", "{CAAF96EB-041B-4328-85C9-3782587D4C35}"
EndProject
Project("{9A19103F-16F7-4668-BE54-9A1E7A4F7556}") = "Domain", "src\Domain\Domain.csproj", "{CF9E808A-DCD7-4B62-B8C0-E4F88E49B34E}"
EndProject
Project("{9A19103F-16F7-4668-BE54-9A1E7A4F7556}") = "Application", "src\Application\Application.csproj", "{2C6DDE34-E314-42D5-9A0D-2509DEC2AB53}"
EndProject
Project("{9A19103F-16F7-4668-BE54-9A1E7A4F7556}") = "Infrastructure", "src\Infrastructure\Infrastructure.csproj", "{675E797B-874A-4993-B4D8-5ABC5BB5B3EF}"
EndProject
Project("{9A19103F-16F7-4668-BE54-9A1E7A4F7556}") = "Message", "src\Message\Message.csproj", "{C8DA8142-CA05-42BC-B067-19E2D2971B81}"
EndProject
Project("{FAE04EC0-301F-11D3-BF4B-00C04F79EFBC}") = "WebMvc", "src\WebMvc\WebMvc.csproj", "{E7830675-8345-4A0D-A8AC-51C4DD4AF296}"
EndProject
Project("{2150E333-8FDC-42A3-9474-1A3956D46DE8}") = "Core", "Core", "{D60AD2B7-2633-4245-BAC2-405731E61616}"
EndProject
Global
	GlobalSection(SolutionConfigurationPlatforms) = preSolution
		Debug|Any CPU = Debug|Any CPU
		PROD|Any CPU = PROD|Any CPU
		Release|Any CPU = Release|Any CPU
	EndGlobalSection
	GlobalSection(ProjectConfigurationPlatforms) = postSolution
		{435ACED7-51E3-4BDA-B251-915F11EA5305}.Debug|Any CPU.ActiveCfg = Debug|Any CPU
		{435ACED7-51E3-4BDA-B251-915F11EA5305}.Debug|Any CPU.Build.0 = Debug|Any CPU
		{435ACED7-51E3-4BDA-B251-915F11EA5305}.PROD|Any CPU.ActiveCfg = Debug|Any CPU
		{435ACED7-51E3-4BDA-B251-915F11EA5305}.PROD|Any CPU.Build.0 = Debug|Any CPU
		{435ACED7-51E3-4BDA-B251-915F11EA5305}.Release|Any CPU.ActiveCfg = Release|Any CPU
		{435ACED7-51E3-4BDA-B251-915F11EA5305}.Release|Any CPU.Build.0 = Release|Any CPU
		{ABC3C931-D44D-4ADD-994F-767FCB739099}.Debug|Any CPU.ActiveCfg = Debug|Any CPU
		{ABC3C931-D44D-4ADD-994F-767FCB739099}.Debug|Any CPU.Build.0 = Debug|Any CPU
		{ABC3C931-D44D-4ADD-994F-767FCB739099}.PROD|Any CPU.ActiveCfg = Debug|Any CPU
		{ABC3C931-D44D-4ADD-994F-767FCB739099}.PROD|Any CPU.Build.0 = Debug|Any CPU
		{ABC3C931-D44D-4ADD-994F-767FCB739099}.Release|Any CPU.ActiveCfg = Release|Any CPU
		{ABC3C931-D44D-4ADD-994F-767FCB739099}.Release|Any CPU.Build.0 = Release|Any CPU
		{36A8441F-DB50-46B4-AE73-2F3F9D5F3A7C}.Debug|Any CPU.ActiveCfg = Debug|Any CPU
		{36A8441F-DB50-46B4-AE73-2F3F9D5F3A7C}.Debug|Any CPU.Build.0 = Debug|Any CPU
		{36A8441F-DB50-46B4-AE73-2F3F9D5F3A7C}.PROD|Any CPU.ActiveCfg = Debug|Any CPU
		{36A8441F-DB50-46B4-AE73-2F3F9D5F3A7C}.PROD|Any CPU.Build.0 = Debug|Any CPU
		{36A8441F-DB50-46B4-AE73-2F3F9D5F3A7C}.Release|Any CPU.ActiveCfg = Release|Any CPU
		{36A8441F-DB50-46B4-AE73-2F3F9D5F3A7C}.Release|Any CPU.Build.0 = Release|Any CPU
		{C8FDC162-EF57-45AF-ACE2-AE66B523DDDE}.Debug|Any CPU.ActiveCfg = Debug|Any CPU
		{C8FDC162-EF57-45AF-ACE2-AE66B523DDDE}.Debug|Any CPU.Build.0 = Debug|Any CPU
		{C8FDC162-EF57-45AF-ACE2-AE66B523DDDE}.PROD|Any CPU.ActiveCfg = Debug|Any CPU
		{C8FDC162-EF57-45AF-ACE2-AE66B523DDDE}.PROD|Any CPU.Build.0 = Debug|Any CPU
		{C8FDC162-EF57-45AF-ACE2-AE66B523DDDE}.Release|Any CPU.ActiveCfg = Release|Any CPU
		{C8FDC162-EF57-45AF-ACE2-AE66B523DDDE}.Release|Any CPU.Build.0 = Release|Any CPU
		{084D5569-DA80-4148-B5FE-A8597F4683AA}.Debug|Any CPU.ActiveCfg = Debug|Any CPU
		{084D5569-DA80-4148-B5FE-A8597F4683AA}.Debug|Any CPU.Build.0 = Debug|Any CPU
		{084D5569-DA80-4148-B5FE-A8597F4683AA}.PROD|Any CPU.ActiveCfg = Debug|Any CPU
		{084D5569-DA80-4148-B5FE-A8597F4683AA}.PROD|Any CPU.Build.0 = Debug|Any CPU
		{084D5569-DA80-4148-B5FE-A8597F4683AA}.Release|Any CPU.ActiveCfg = Release|Any CPU
		{084D5569-DA80-4148-B5FE-A8597F4683AA}.Release|Any CPU.Build.0 = Release|Any CPU
		{B4CAB395-E9CB-4302-A6A9-67799506E677}.Debug|Any CPU.ActiveCfg = Debug|Any CPU
		{B4CAB395-E9CB-4302-A6A9-67799506E677}.Debug|Any CPU.Build.0 = Debug|Any CPU
		{B4CAB395-E9CB-4302-A6A9-67799506E677}.PROD|Any CPU.ActiveCfg = Debug|Any CPU
		{B4CAB395-E9CB-4302-A6A9-67799506E677}.PROD|Any CPU.Build.0 = Debug|Any CPU
		{B4CAB395-E9CB-4302-A6A9-67799506E677}.Release|Any CPU.ActiveCfg = Release|Any CPU
		{B4CAB395-E9CB-4302-A6A9-67799506E677}.Release|Any CPU.Build.0 = Release|Any CPU
		{CAAF96EB-041B-4328-85C9-3782587D4C35}.Debug|Any CPU.ActiveCfg = Debug|Any CPU
		{CAAF96EB-041B-4328-85C9-3782587D4C35}.Debug|Any CPU.Build.0 = Debug|Any CPU
		{CAAF96EB-041B-4328-85C9-3782587D4C35}.PROD|Any CPU.ActiveCfg = Debug|Any CPU
		{CAAF96EB-041B-4328-85C9-3782587D4C35}.PROD|Any CPU.Build.0 = Debug|Any CPU
		{CAAF96EB-041B-4328-85C9-3782587D4C35}.Release|Any CPU.ActiveCfg = Release|Any CPU
		{CAAF96EB-041B-4328-85C9-3782587D4C35}.Release|Any CPU.Build.0 = Release|Any CPU
		{CF9E808A-DCD7-4B62-B8C0-E4F88E49B34E}.Debug|Any CPU.ActiveCfg = Debug|Any CPU
		{CF9E808A-DCD7-4B62-B8C0-E4F88E49B34E}.Debug|Any CPU.Build.0 = Debug|Any CPU
		{CF9E808A-DCD7-4B62-B8C0-E4F88E49B34E}.PROD|Any CPU.ActiveCfg = Debug|Any CPU
		{CF9E808A-DCD7-4B62-B8C0-E4F88E49B34E}.PROD|Any CPU.Build.0 = Debug|Any CPU
		{CF9E808A-DCD7-4B62-B8C0-E4F88E49B34E}.Release|Any CPU.ActiveCfg = Release|Any CPU
		{CF9E808A-DCD7-4B62-B8C0-E4F88E49B34E}.Release|Any CPU.Build.0 = Release|Any CPU
		{2C6DDE34-E314-42D5-9A0D-2509DEC2AB53}.Debug|Any CPU.ActiveCfg = Debug|Any CPU
		{2C6DDE34-E314-42D5-9A0D-2509DEC2AB53}.Debug|Any CPU.Build.0 = Debug|Any CPU
		{2C6DDE34-E314-42D5-9A0D-2509DEC2AB53}.PROD|Any CPU.ActiveCfg = Debug|Any CPU
		{2C6DDE34-E314-42D5-9A0D-2509DEC2AB53}.PROD|Any CPU.Build.0 = Debug|Any CPU
		{2C6DDE34-E314-42D5-9A0D-2509DEC2AB53}.Release|Any CPU.ActiveCfg = Release|Any CPU
		{2C6DDE34-E314-42D5-9A0D-2509DEC2AB53}.Release|Any CPU.Build.0 = Release|Any CPU
		{675E797B-874A-4993-B4D8-5ABC5BB5B3EF}.Debug|Any CPU.ActiveCfg = Debug|Any CPU
		{675E797B-874A-4993-B4D8-5ABC5BB5B3EF}.Debug|Any CPU.Build.0 = Debug|Any CPU
		{675E797B-874A-4993-B4D8-5ABC5BB5B3EF}.PROD|Any CPU.ActiveCfg = Debug|Any CPU
		{675E797B-874A-4993-B4D8-5ABC5BB5B3EF}.PROD|Any CPU.Build.0 = Debug|Any CPU
		{675E797B-874A-4993-B4D8-5ABC5BB5B3EF}.Release|Any CPU.ActiveCfg = Release|Any CPU
		{675E797B-874A-4993-B4D8-5ABC5BB5B3EF}.Release|Any CPU.Build.0 = Release|Any CPU
		{C8DA8142-CA05-42BC-B067-19E2D2971B81}.Debug|Any CPU.ActiveCfg = Debug|Any CPU
		{C8DA8142-CA05-42BC-B067-19E2D2971B81}.Debug|Any CPU.Build.0 = Debug|Any CPU
		{C8DA8142-CA05-42BC-B067-19E2D2971B81}.PROD|Any CPU.ActiveCfg = Debug|Any CPU
		{C8DA8142-CA05-42BC-B067-19E2D2971B81}.PROD|Any CPU.Build.0 = Debug|Any CPU
		{C8DA8142-CA05-42BC-B067-19E2D2971B81}.Release|Any CPU.ActiveCfg = Release|Any CPU
		{C8DA8142-CA05-42BC-B067-19E2D2971B81}.Release|Any CPU.Build.0 = Release|Any CPU
		{E7830675-8345-4A0D-A8AC-51C4DD4AF296}.Debug|Any CPU.ActiveCfg = Debug|Any CPU
		{E7830675-8345-4A0D-A8AC-51C4DD4AF296}.Debug|Any CPU.Build.0 = Debug|Any CPU
		{E7830675-8345-4A0D-A8AC-51C4DD4AF296}.PROD|Any CPU.ActiveCfg = Debug|Any CPU
		{E7830675-8345-4A0D-A8AC-51C4DD4AF296}.PROD|Any CPU.Build.0 = Debug|Any CPU
		{E7830675-8345-4A0D-A8AC-51C4DD4AF296}.Release|Any CPU.ActiveCfg = Release|Any CPU
		{E7830675-8345-4A0D-A8AC-51C4DD4AF296}.Release|Any CPU.Build.0 = Release|Any CPU
	EndGlobalSection
	GlobalSection(SolutionProperties) = preSolution
		HideSolutionNode = FALSE
	EndGlobalSection
	GlobalSection(NestedProjects) = preSolution
		{435ACED7-51E3-4BDA-B251-915F11EA5305} = {203444A8-4DB2-4BA0-8C8C-376499B20765}
		{ABC3C931-D44D-4ADD-994F-767FCB739099} = {203444A8-4DB2-4BA0-8C8C-376499B20765}
		{36A8441F-DB50-46B4-AE73-2F3F9D5F3A7C} = {203444A8-4DB2-4BA0-8C8C-376499B20765}
		{C8FDC162-EF57-45AF-ACE2-AE66B523DDDE} = {74F014C2-B194-40D1-95CE-775803614BB2}
		{084D5569-DA80-4148-B5FE-A8597F4683AA} = {74F014C2-B194-40D1-95CE-775803614BB2}
		{B4CAB395-E9CB-4302-A6A9-67799506E677} = {74F014C2-B194-40D1-95CE-775803614BB2}
		{CAAF96EB-041B-4328-85C9-3782587D4C35} = {203444A8-4DB2-4BA0-8C8C-376499B20765}
		{E7830675-8345-4A0D-A8AC-51C4DD4AF296} = {74F014C2-B194-40D1-95CE-775803614BB2}
		{D60AD2B7-2633-4245-BAC2-405731E61616} = {74F014C2-B194-40D1-95CE-775803614BB2}
		{CF9E808A-DCD7-4B62-B8C0-E4F88E49B34E} = {D60AD2B7-2633-4245-BAC2-405731E61616}
		{2C6DDE34-E314-42D5-9A0D-2509DEC2AB53} = {D60AD2B7-2633-4245-BAC2-405731E61616}
		{675E797B-874A-4993-B4D8-5ABC5BB5B3EF} = {D60AD2B7-2633-4245-BAC2-405731E61616}
		{C8DA8142-CA05-42BC-B067-19E2D2971B81} = {D60AD2B7-2633-4245-BAC2-405731E61616}
	EndGlobalSection
	GlobalSection(ExtensibilityGlobals) = postSolution
		SolutionGuid = {F8333B3E-712B-46AA-AFE1-192798709506}
	EndGlobalSection
EndGlobal
